
Microsoft Visual Studio Solution File, Format Version 11.00
# Visual Studio 2010
Project("{8BC9CEB8-8B4A-11D0-8D11-00A0C91BC942}") = "Hotspot Controls", "Hotspot Controls\Hotspot Controls.vcxproj", "{AEEB1A15-031C-487A-88C5-37C331EB5225}"
EndProject
Global
	GlobalSection(SolutionConfigurationPlatforms) = preSolution
		Debug|Win32 = Debug|Win32
		Release|Win32 = Release|Win32
	EndGlobalSection
	GlobalSection(ProjectConfigurationPlatforms) = postSolution
		{AEEB1A15-031C-487A-88C5-37C331EB5225}.Debug|Win32.ActiveCfg = Debug|Win32
		{AEEB1A15-031C-487A-88C5-37C331EB5225}.Debug|Win32.Build.0 = Debug|Win32
		{AEEB1A15-031C-487A-88C5-37C331EB5225}.Release|Win32.ActiveCfg = Release|Win32
		{AEEB1A15-031C-487A-88C5-37C331EB5225}.Release|Win32.Build.0 = Release|Win32
	EndGlobalSection
	GlobalSection(SolutionProperties) = preSolution
		HideSolutionNode = FALSE
	EndGlobalSection
EndGlobal
